{
  "version": 1,
  "dependencies": {
    "net9.0": {
      "Microsoft.Build": {
        "type": "Direct",
        "requested": "[17.11.4, )",
        "resolved": "17.11.4",
        "contentHash": "UMC7DfeFEHY2GGHHaghybUuUlLaByFHEFudR2PehMgDBuRuLAUePp1iaa4eFtVzepRzMtIbeSCVJCzzX3NV2Gg==",
        "dependencies": {
          "Microsoft.Build.Framework": "17.11.4",
          "Microsoft.NET.StringTools": "17.11.4",
          "System.Collections.Immutable": "8.0.0",
          "System.Configuration.ConfigurationManager": "8.0.0",
          "System.Reflection.Metadata": "8.0.0",
          "System.Reflection.MetadataLoadContext": "8.0.0"
        }
      },
      "Microsoft.Build.Locator": {
        "type": "Direct",
        "requested": "[1.7.8, )",
        "resolved": "1.7.8",
        "contentHash": "sPy10x527Ph16S2u0yGME4S6ohBKJ69WfjeGG/bvELYeZVmJdKjxgnlL8cJJJLGV/cZIRqSfB12UDB8ICakOog=="
      },
      "Microsoft.Build.Utilities.Core": {
        "type": "Direct",
        "requested": "[17.12.6, )",
        "resolved": "17.12.6",
        "contentHash": "pU3GnHcXp8VRMGKxdJCq+tixfhFn+QwEbpqmZmc/nqFHFyuhlGwjonWZMIWcwuCv/8EHgxoOttFvna1vrN+RrA==",
        "dependencies": {
          "Microsoft.Build.Framework": "17.12.6",
          "Microsoft.NET.StringTools": "17.12.6",
          "System.Collections.Immutable": "8.0.0",
          "System.Configuration.ConfigurationManager": "8.0.0"
        }
      },
      "Microsoft.Extensions.DependencyModel": {
        "type": "Direct",
        "requested": "[9.0.0, )",
        "resolved": "9.0.0",
        "contentHash": "saxr2XzwgDU77LaQfYFXmddEDRUKHF4DaGMZkNB3qjdVSZlax3//dGJagJkKrGMIPNZs2jVFXITyCCR6UHJNdA=="
      },
      "Microsoft.Extensions.Logging": {
        "type": "Direct",
        "requested": "[9.0.0, )",
        "resolved": "9.0.0",
        "contentHash": "crjWyORoug0kK7RSNJBTeSE6VX8IQgLf3nUpTB9m62bPXp/tzbnOsnbe8TXEG0AASNaKZddnpHKw7fET8E++Pg==",
        "dependencies": {
          "Microsoft.Extensions.DependencyInjection": "9.0.0",
          "Microsoft.Extensions.Logging.Abstractions": "9.0.0",
          "Microsoft.Extensions.Options": "9.0.0"
        }
      },
      "Microsoft.Extensions.Logging.Abstractions": {
        "type": "Direct",
        "requested": "[9.0.0, )",
        "resolved": "9.0.0",
        "contentHash": "g0UfujELzlLbHoVG8kPKVBaW470Ewi+jnptGS9KUi6jcb+k2StujtK3m26DFSGGwQ/+bVgZfsWqNzlP6YOejvw==",
        "dependencies": {
          "Microsoft.Extensions.DependencyInjection.Abstractions": "9.0.0"
        }
      },
      "Microsoft.Extensions.Logging.Console": {
        "type": "Direct",
        "requested": "[9.0.0, )",
        "resolved": "9.0.0",
        "contentHash": "yDZ4zsjl7N0K+R/1QTNpXBd79Kaf4qNLHtjk4NaG82UtNg2Z6etJywwv6OarOv3Rp7ocU7uIaRY4CrzHRO/d3w==",
        "dependencies": {
          "Microsoft.Extensions.DependencyInjection.Abstractions": "9.0.0",
          "Microsoft.Extensions.Logging": "9.0.0",
          "Microsoft.Extensions.Logging.Abstractions": "9.0.0",
          "Microsoft.Extensions.Logging.Configuration": "9.0.0",
          "Microsoft.Extensions.Options": "9.0.0"
        }
      },
      "Microsoft.TestPlatform": {
        "type": "Direct",
        "requested": "[17.12.0, )",
        "resolved": "17.12.0",
        "contentHash": "asEPFo3cFftjlf3P5Ayx+xT4UdNCvSI+ar7q8UBd9M1JaR+zYie0X8yQVkicClp73AtbXcPnlivsIdpjC0WUJA=="
      },
      "Microsoft.TestPlatform.ObjectModel": {
        "type": "Direct",
        "requested": "[17.12.0, )",
        "resolved": "17.12.0",
        "contentHash": "TDqkTKLfQuAaPcEb3pDDWnh7b3SyZF+/W9OZvWFp6eJCIiiYFdSB6taE2I6tWrFw5ywhzOb6sreoGJTI6m3rSQ==",
        "dependencies": {
          "System.Reflection.Metadata": "1.6.0"
        }
      },
      "Microsoft.TestPlatform.TranslationLayer": {
        "type": "Direct",
        "requested": "[17.12.0, )",
        "resolved": "17.12.0",
        "contentHash": "Vtsytd0doKbas33cscfYhKl06jee80lHJy5wrSEsBEOpNX1wP2nHgkFUasxGxg88Ihddp3NnHitZ7MCUgVuM2A==",
        "dependencies": {
          "NETStandard.Library": "2.0.0"
        }
      },
      "System.CommandLine": {
        "type": "Direct",
        "requested": "[2.0.0-beta4.24528.1, )",
        "resolved": "2.0.0-beta4.24528.1",
        "contentHash": "Xt8tsSU8yd0ZpbT9gl5DAwkMYWLo8PV1fq2R/belrUbHVVOIKqhLfbWksbdknUDpmzMHZenBtD6AGAp9uJTa2w=="
      },
      "System.ComponentModel.Composition": {
        "type": "Direct",
        "requested": "[9.0.0, )",
        "resolved": "9.0.0",
        "contentHash": "HwA28KOsRUSN2Hiei4RvXKDeMlmQe/E6WemYDWY8Iv4AYFS04obS6rDVCE4UNDbc3bsa1Cg9tJ5Dko3T0eDjyA=="
      },
      "MessagePack": {
        "type": "Transitive",
        "resolved": "2.5.187",
        "contentHash": "uW4j8m4Nc+2Mk5n6arOChavJ9bLjkis0qWASOj2h2OwmfINuzYv+mjCHUymrYhmyyKTu3N+ObtTXAY4uQ7jIhg==",
        "dependencies": {
          "MessagePack.Annotations": "2.5.187",
          "Microsoft.NET.StringTools": "17.6.3"
        }
      },
      "MessagePack.Annotations": {
        "type": "Transitive",
        "resolved": "2.5.187",
        "contentHash": "/IvvMMS8opvlHjEJ/fR2Cal4Co726Kj77Z8KiohFhuHfLHHmb9uUxW5+tSCL4ToKFfkQlrS3HD638mRq83ySqA=="
      },
      "Microsoft.Build.Framework": {
        "type": "Transitive",
        "resolved": "17.12.6",
        "contentHash": "jleteC0seumLGTmTVwob97lcwPj/dfgzL/V3g/VVcMZgo2Ic7jzdy8AYpByPDh8e3uRq0SjCl6HOFCjhy5GzRQ=="
      },
      "Microsoft.Extensions.Configuration": {
        "type": "Transitive",
        "resolved": "9.0.0",
        "contentHash": "YIMO9T3JL8MeEXgVozKt2v79hquo/EFtnY0vgxmLnUvk1Rei/halI7kOWZL2RBeV9FMGzgM9LZA8CVaNwFMaNA==",
        "dependencies": {
          "Microsoft.Extensions.Configuration.Abstractions": "9.0.0",
          "Microsoft.Extensions.Primitives": "9.0.0"
        }
      },
      "Microsoft.Extensions.Configuration.Abstractions": {
        "type": "Transitive",
        "resolved": "9.0.0",
        "contentHash": "lqvd7W3FGKUO1+ZoUEMaZ5XDJeWvjpy2/M/ptCGz3tXLD4HWVaSzjufsAsjemasBEg+2SxXVtYVvGt5r2nKDlg==",
        "dependencies": {
          "Microsoft.Extensions.Primitives": "9.0.0"
        }
      },
      "Microsoft.Extensions.Configuration.Binder": {
        "type": "Transitive",
        "resolved": "9.0.0",
        "contentHash": "RiScL99DcyngY9zJA2ROrri7Br8tn5N4hP4YNvGdTN/bvg1A3dwvDOxHnNZ3Im7x2SJ5i4LkX1uPiR/MfSFBLQ==",
        "dependencies": {
          "Microsoft.Extensions.Configuration.Abstractions": "9.0.0"
        }
      },
      "Microsoft.Extensions.DependencyInjection": {
        "type": "Transitive",
        "resolved": "9.0.0",
        "contentHash": "MCPrg7v3QgNMr0vX4vzRXvkNGgLg8vKWX0nKCWUxu2uPyMsaRgiRc1tHBnbTcfJMhMKj2slE/j2M9oGkd25DNw==",
        "dependencies": {
          "Microsoft.Extensions.DependencyInjection.Abstractions": "9.0.0"
        }
      },
      "Microsoft.Extensions.DependencyInjection.Abstractions": {
        "type": "Transitive",
        "resolved": "9.0.0",
        "contentHash": "+6f2qv2a3dLwd5w6JanPIPs47CxRbnk+ZocMJUhv9NxP88VlOcJYZs9jY+MYSjxvady08bUZn6qgiNh7DadGgg=="
      },
      "Microsoft.Extensions.Logging.Configuration": {
        "type": "Transitive",
        "resolved": "9.0.0",
        "contentHash": "H05HiqaNmg6GjH34ocYE9Wm1twm3Oz2aXZko8GTwGBzM7op2brpAA8pJ5yyD1OpS1mXUtModBYOlcZ/wXeWsSg==",
        "dependencies": {
          "Microsoft.Extensions.Configuration": "9.0.0",
          "Microsoft.Extensions.Configuration.Abstractions": "9.0.0",
          "Microsoft.Extensions.Configuration.Binder": "9.0.0",
          "Microsoft.Extensions.DependencyInjection.Abstractions": "9.0.0",
          "Microsoft.Extensions.Logging": "9.0.0",
          "Microsoft.Extensions.Logging.Abstractions": "9.0.0",
          "Microsoft.Extensions.Options": "9.0.0",
          "Microsoft.Extensions.Options.ConfigurationExtensions": "9.0.0"
        }
      },
      "Microsoft.Extensions.Options": {
        "type": "Transitive",
        "resolved": "9.0.0",
        "contentHash": "y2146b3jrPI3Q0lokKXdKLpmXqakYbDIPDV6r3M8SqvSf45WwOTzkyfDpxnZXJsJQEpAsAqjUq5Pu8RCJMjubg==",
        "dependencies": {
          "Microsoft.Extensions.DependencyInjection.Abstractions": "9.0.0",
          "Microsoft.Extensions.Primitives": "9.0.0"
        }
      },
      "Microsoft.Extensions.Options.ConfigurationExtensions": {
        "type": "Transitive",
        "resolved": "9.0.0",
        "contentHash": "Ob3FXsXkcSMQmGZi7qP07EQ39kZpSBlTcAZLbJLdI4FIf0Jug8biv2HTavWmnTirchctPlq9bl/26CXtQRguzA==",
        "dependencies": {
          "Microsoft.Extensions.Configuration.Abstractions": "9.0.0",
          "Microsoft.Extensions.Configuration.Binder": "9.0.0",
          "Microsoft.Extensions.DependencyInjection.Abstractions": "9.0.0",
          "Microsoft.Extensions.Options": "9.0.0",
          "Microsoft.Extensions.Primitives": "9.0.0"
        }
      },
      "Microsoft.Extensions.Primitives": {
        "type": "Transitive",
        "resolved": "9.0.0",
        "contentHash": "N3qEBzmLMYiASUlKxxFIISP4AiwuPTHF5uCh+2CWSwwzAJiIYx0kBJsS30cp1nvhSySFAVi30jecD307jV+8Kg=="
      },
      "Microsoft.NET.StringTools": {
        "type": "Transitive",
        "resolved": "17.12.6",
        "contentHash": "w8Ehofqte5bJoR+Fa3f6JwkwFEkGtXxqvQHGOVOSHDzgNVySvL5FSNhavbQSZ864el9c3rjdLPLAtBW8dq6fmg=="
      },
      "Microsoft.NETCore.Platforms": {
        "type": "Transitive",
        "resolved": "1.1.0",
        "contentHash": "kz0PEW2lhqygehI/d6XsPCQzD7ff7gUJaVGPVETX611eadGsA3A877GdSlU0LRVMCTH/+P3o2iDTak+S08V2+A=="
      },
      "Microsoft.VisualStudio.Threading": {
        "type": "Transitive",
        "resolved": "17.10.48",
        "contentHash": "7onkbbE0AOAhxKe+ZAa2NMzo4R5G4qypZmNIE0GhBohT/tl6e5aLnLx4Gg6trf6SUn3DfLRowMtNe5Q+PmhKgQ==",
        "dependencies": {
          "Microsoft.VisualStudio.Threading.Analyzers": "17.10.48",
          "Microsoft.VisualStudio.Validation": "17.8.8"
        }
      },
      "Microsoft.VisualStudio.Threading.Analyzers": {
        "type": "Transitive",
        "resolved": "17.10.48",
        "contentHash": "xwvwT91oqFjLgQykUp6y/JPYxz8LchbfJKrLVatfczWddXKng8DAo8RiiIodt+pRdsVXP9Ud02GtJoY7ifdXPQ=="
      },
      "Microsoft.VisualStudio.Validation": {
        "type": "Transitive",
        "resolved": "17.8.8",
        "contentHash": "rWXThIpyQd4YIXghNkiv2+VLvzS+MCMKVRDR0GAMlflsdo+YcAN2g2r5U1Ah98OFjQMRexTFtXQQ2LkajxZi3g=="
      },
      "Nerdbank.Streams": {
        "type": "Transitive",
        "resolved": "2.11.74",
        "contentHash": "r4G7uHHfoo8LCilPOdtf2C+Q5ymHOAXtciT4ZtB2xRlAvv4gPkWBYNAijFblStv3+uidp81j5DP11jMZl4BfJw==",
        "dependencies": {
          "Microsoft.VisualStudio.Threading": "17.10.48",
          "Microsoft.VisualStudio.Validation": "17.8.8",
          "System.IO.Pipelines": "8.0.0"
        }
      },
      "NETStandard.Library": {
        "type": "Transitive",
        "resolved": "2.0.0",
        "contentHash": "7jnbRU+L08FXKMxqUflxEXtVymWvNOrS8yHgu9s6EM8Anr6T/wIX4nZ08j/u3Asz+tCufp3YVwFSEvFTPYmBPA==",
        "dependencies": {
          "Microsoft.NETCore.Platforms": "1.1.0"
        }
      },
      "Newtonsoft.Json": {
        "type": "Transitive",
        "resolved": "13.0.1",
        "contentHash": "ppPFpBcvxdsfUonNcvITKqLl3bqxWbDCZIzDWHzjpdAHRFfZe0Dw9HmA0+za13IdyrgJwpkDTDA9fHaxOrt20A=="
      },
      "StreamJsonRpc": {
        "type": "Transitive",
        "resolved": "2.20.20",
        "contentHash": "gwG7KViLbSWS7EI0kYevinVmIga9wZNrpSY/FnWyC6DbdjKJ1xlv/FV1L9b0rLkVP8cGxfIMexdvo/+2W5eq6Q==",
        "dependencies": {
          "MessagePack": "2.5.187",
          "Microsoft.VisualStudio.Threading": "17.10.48",
          "Microsoft.VisualStudio.Threading.Analyzers": "17.10.48",
          "Microsoft.VisualStudio.Validation": "17.8.8",
          "Nerdbank.Streams": "2.11.74",
          "Newtonsoft.Json": "13.0.1",
          "System.IO.Pipelines": "8.0.0"
        }
      },
      "System.Collections.Immutable": {
        "type": "Transitive",
        "resolved": "8.0.0",
        "contentHash": "AurL6Y5BA1WotzlEvVaIDpqzpIPvYnnldxru8oXJU2yFxFUy3+pNXjXd1ymO+RA0rq0+590Q8gaz2l3Sr7fmqg=="
      },
      "System.Configuration.ConfigurationManager": {
        "type": "Transitive",
        "resolved": "8.0.0",
        "contentHash": "JlYi9XVvIREURRUlGMr1F6vOFLk7YSY4p1vHo4kX3tQ0AGrjqlRWHDi66ImHhy6qwXBG3BJ6Y1QlYQ+Qz6Xgww==",
        "dependencies": {
          "System.Diagnostics.EventLog": "8.0.0",
          "System.Security.Cryptography.ProtectedData": "8.0.0"
        }
      },
      "System.Diagnostics.EventLog": {
        "type": "Transitive",
        "resolved": "8.0.0",
        "contentHash": "fdYxcRjQqTTacKId/2IECojlDSFvp7LP5N78+0z/xH7v/Tuw5ZAxu23Y6PTCRinqyu2ePx+Gn1098NC6jM6d+A=="
      },
      "System.IO.Pipelines": {
        "type": "Transitive",
        "resolved": "8.0.0",
        "contentHash": "FHNOatmUq0sqJOkTx+UF/9YK1f180cnW5FVqnQMvYUN0elp6wFzbtPSiqbo1/ru8ICp43JM1i7kKkk6GsNGHlA=="
      },
      "System.Reflection.Metadata": {
        "type": "Transitive",
        "resolved": "8.0.0",
        "contentHash": "ptvgrFh7PvWI8bcVqG5rsA/weWM09EnthFHR5SCnS6IN+P4mj6rE1lBDC4U8HL9/57htKAqy4KQ3bBj84cfYyQ==",
        "dependencies": {
          "System.Collections.Immutable": "8.0.0"
        }
      },
      "System.Reflection.MetadataLoadContext": {
        "type": "Transitive",
        "resolved": "8.0.0",
        "contentHash": "SZxrQ4sQYnIcdwiO3G/lHZopbPYQ2lW0ioT4JezgccWUrKaKbHLJbAGZaDfkYjWcta1pWssAo3MOXLsR0ie4tQ==",
        "dependencies": {
          "System.Collections.Immutable": "8.0.0",
          "System.Reflection.Metadata": "8.0.0"
        }
      },
      "System.Security.Cryptography.ProtectedData": {
        "type": "Transitive",
        "resolved": "8.0.0",
        "contentHash": "+TUFINV2q2ifyXauQXRwy4CiBhqvDEDZeVJU7qfxya4aRYOKzVBpN+4acx25VcPB9ywUN6C0n8drWl110PhZEg=="
      },
      "bp": {
        "type": "Project",
        "dependencies": {
          "Microsoft.Extensions.DependencyInjection": "[9.0.0, )",
          "Microsoft.Extensions.Logging": "[9.0.0, )",
          "StreamJsonRpc": "[2.20.20, )"
        }
      },
      "bsp4csharp": {
        "type": "Project",
        "dependencies": {
          "bp": "[1.0.0, )"
        }
      }
    }
  }
}