{
  "version": 2,
  "dependencies": {
    "net10.0": {
      "Microsoft.Build": {
        "type": "Direct",
        "requested": "[18.6.3, )",
        "resolved": "18.6.3",
        "contentHash": "7tQw0EnI5f0actJAOJdZJTpJXoJtJlDzDh1ecTJMOcaFXr5t2mnL29ea7Pn6VeTWf1R5pnzbZTvdorBsSZBodA==",
        "dependencies": {
          "Microsoft.Build.Framework": "18.6.3",
          "System.Configuration.ConfigurationManager": "10.0.3",
          "System.Diagnostics.EventLog": "10.0.3",
          "System.Reflection.MetadataLoadContext": "10.0.3",
          "System.Security.Cryptography.ProtectedData": "10.0.3"
        }
      },
      "Microsoft.Build.Framework": {
        "type": "Direct",
        "requested": "[18.6.3, )",
        "resolved": "18.6.3",
        "contentHash": "jywLHZK1Skb+kVO9Q2Drz0h3p0MnUDsMudYcXNKq1vYXPiYDXHbWJZlMxhyt2dp0T3IYiTQPb+6FMnWRwt3Kiw==",
        "dependencies": {
          "Microsoft.NET.StringTools": "18.6.3"
        }
      },
      "Microsoft.Build.Locator": {
        "type": "Direct",
        "requested": "[1.11.2, )",
        "resolved": "1.11.2",
        "contentHash": "tY+/S54G29CGsbL3slVu4vqtpciwVnb3fKOmrhgzEQmu/VziFaWmD/E1e/2KH7cDucuycGSkWsSXndBs5Uawow=="
      },
      "Microsoft.Build.Tasks.Core": {
        "type": "Direct",
        "requested": "[18.6.3, )",
        "resolved": "18.6.3",
        "contentHash": "Ngp8CUmiSmB63MUzTIrWlVnvyyiRNrEIRv8tU5l3dSesqSuOb/l1nOP9HX1NLAMc4wh5OihGfgcnhTtL0jV08A==",
        "dependencies": {
          "Microsoft.Build.Framework": "18.6.3",
          "Microsoft.Build.Utilities.Core": "18.6.3",
          "System.CodeDom": "10.0.3",
          "System.Configuration.ConfigurationManager": "10.0.3",
          "System.Diagnostics.EventLog": "10.0.3",
          "System.Formats.Nrbf": "10.0.3",
          "System.Resources.Extensions": "10.0.3",
          "System.Security.Cryptography.Pkcs": "10.0.3",
          "System.Security.Cryptography.ProtectedData": "10.0.3",
          "System.Security.Cryptography.Xml": "10.0.3"
        }
      },
      "Microsoft.Build.Utilities.Core": {
        "type": "Direct",
        "requested": "[18.6.3, )",
        "resolved": "18.6.3",
        "contentHash": "QY8fuN42Tlssib/YMyIECX3MoMAB49v3ZS7uTpf6tNs5BbzdXmo+o9HI1joUXJLwueQn9Lbwdpv+q44tzsqFdw==",
        "dependencies": {
          "Microsoft.Build.Framework": "18.6.3",
          "System.Configuration.ConfigurationManager": "10.0.3",
          "System.Diagnostics.EventLog": "10.0.3",
          "System.Security.Cryptography.ProtectedData": "10.0.3"
        }
      },
      "Microsoft.Extensions.DependencyModel": {
        "type": "Direct",
        "requested": "[10.0.8, )",
        "resolved": "10.0.8",
        "contentHash": "vLyZVpxmduO2jx+76ggqnsA3m81kwMY3NkWciNTj5E+Nvqb0VihqCvQP89QsGONWp0AJwMZG+u9GzaCjDdFGNw=="
      },
      "Microsoft.Extensions.Logging": {
        "type": "Direct",
        "requested": "[10.0.8, )",
        "resolved": "10.0.8",
        "contentHash": "K60JhWC2hN/Gi7TP68tBxSzk5ACWOs7lkmPzsfA8Bcf/IXTajujt2ORMf9rSMk1bsng6Lv4Y3fuxp3bm1+15ug==",
        "dependencies": {
          "Microsoft.Extensions.DependencyInjection": "10.0.8",
          "Microsoft.Extensions.Logging.Abstractions": "10.0.8",
          "Microsoft.Extensions.Options": "10.0.8"
        }
      },
      "Microsoft.Extensions.Logging.Abstractions": {
        "type": "Direct",
        "requested": "[10.0.8, )",
        "resolved": "10.0.8",
        "contentHash": "fdVadZmsC8jRP0KvKy8mO8f6GV/HyBvElfcSxEhd+5FM5boAw/01iSaCto5G3G37ApJira4A3pNaVvBv8cUiLQ==",
        "dependencies": {
          "Microsoft.Extensions.DependencyInjection.Abstractions": "10.0.8"
        }
      },
      "Microsoft.Extensions.Logging.Console": {
        "type": "Direct",
        "requested": "[10.0.8, )",
        "resolved": "10.0.8",
        "contentHash": "6cv53sHsPnFS56PJw8X4GbNcjeX1KGyFJRxJWvxOgK63cnqeSB1k1eRwjUdkse0tBhwlH6qc9EOYDlan+CYTuw==",
        "dependencies": {
          "Microsoft.Extensions.DependencyInjection.Abstractions": "10.0.8",
          "Microsoft.Extensions.Logging": "10.0.8",
          "Microsoft.Extensions.Logging.Abstractions": "10.0.8",
          "Microsoft.Extensions.Logging.Configuration": "10.0.8",
          "Microsoft.Extensions.Options": "10.0.8"
        }
      },
      "Microsoft.NET.StringTools": {
        "type": "Direct",
        "requested": "[18.6.3, )",
        "resolved": "18.6.3",
        "contentHash": "meWX/k62HeaQ+7zxcJBcGo2EccmLZiaHYwJJ9wAO6ZX3Ujeht5XNetVZWU7nW2vKbDB+88X1lQkLafVkOUrtgQ=="
      },
      "Microsoft.TestPlatform": {
        "type": "Direct",
        "requested": "[18.6.0, )",
        "resolved": "18.6.0",
        "contentHash": "pio+GJ6J+qOt/FsuSH97M4rCkttKqVSsEM0jl7JFEkI8FbrV3ZSgWDKnFlM0CBCUjZCgc8CZB2dUNZpi7Jb6dA=="
      },
      "Microsoft.TestPlatform.ObjectModel": {
        "type": "Direct",
        "requested": "[18.6.0, )",
        "resolved": "18.6.0",
        "contentHash": "gQTW4BIfM2ZLxixo9ITXoulLKjn20FiiHtqTsx9PENqTrX7368ZeJ5L0QZJyReXDWORPRV8jXwZR6Aar8JOyaA=="
      },
      "Microsoft.TestPlatform.TranslationLayer": {
        "type": "Direct",
        "requested": "[18.6.0, )",
        "resolved": "18.6.0",
        "contentHash": "41M1d+irM3tVLL2cjD1aURSSv+8JALtKkNn9+OrWNLjNDCLAdXiu6452weV68My1QD+/6UxWfOhpttGMartZJw==",
        "dependencies": {
          "Microsoft.TestPlatform.ObjectModel": "18.6.0",
          "Newtonsoft.Json": "13.0.3"
        }
      },
      "System.CommandLine": {
        "type": "Direct",
        "requested": "[2.0.8, )",
        "resolved": "2.0.8",
        "contentHash": "FbpgF8p/ClXnoXEWLjQB34kNh5rsLewEgIgLyVzLDucAOQ4cNs7ec9Cam7gdKPruSb6zp4Mx8htZGTL4/5PJPg=="
      },
      "System.ComponentModel.Composition": {
        "type": "Direct",
        "requested": "[10.0.8, )",
        "resolved": "10.0.8",
        "contentHash": "lpI/cV71glyYFXmW2PTR6pq6DXtxQRdBJt3i+b2M/UL6RnOTPk+u20kCUEQMefSaqXrk1UscLIVvH7EDR/XAzw=="
      },
      "System.Configuration.ConfigurationManager": {
        "type": "Direct",
        "requested": "[10.0.8, )",
        "resolved": "10.0.8",
        "contentHash": "QG+HHwJjLyUiRuA9axr5pDqHAxboo7FXCTRakxMABE9CUAUij/tsd/MsgQPJUEppkf+YBLT+F/P/wKIVCAIcNg==",
        "dependencies": {
          "System.Diagnostics.EventLog": "10.0.8",
          "System.Security.Cryptography.ProtectedData": "10.0.8"
        }
      },
      "MessagePack": {
        "type": "Transitive",
        "resolved": "2.5.198",
        "contentHash": "ul2rGISMatBL4AbXTteEml4xtOsKF8yClEkS0rnrMyFs6Cu3KTbdZwOXrcbEUjGFIDiCwHuYIGyS55FeiaYzBw==",
        "dependencies": {
          "MessagePack.Annotations": "2.5.198",
          "Microsoft.NET.StringTools": "17.6.3"
        }
      },
      "MessagePack.Annotations": {
        "type": "Transitive",
        "resolved": "2.5.198",
        "contentHash": "3U9OvqQGTra+Mz1k1zfNAScSdNHobnqtQ51qdMGUZppkNDZJl0X/igq6Qz5zDBLEZoYqZrFtZwFx6wBJHHI8BA=="
      },
      "Microsoft.Extensions.Configuration": {
        "type": "Transitive",
        "resolved": "10.0.8",
        "contentHash": "ehZcoPbjzWzS4XFvuz7R3V55SmpdkyMqFURLH3yXaN9NtXd9tR6CGB7pd49HYtCkenl+G7ctXSFLhNI08xLfRg==",
        "dependencies": {
          "Microsoft.Extensions.Configuration.Abstractions": "10.0.8",
          "Microsoft.Extensions.Primitives": "10.0.8"
        }
      },
      "Microsoft.Extensions.Configuration.Abstractions": {
        "type": "Transitive",
        "resolved": "10.0.8",
        "contentHash": "I63esIFbL3h5pSt7gXpXOlmcwDmYBUoYNEglKfDPFUqtYvSV84f2l28hO2lfVXsV0wdlplgAM7IVz16matapSg==",
        "dependencies": {
          "Microsoft.Extensions.Primitives": "10.0.8"
        }
      },
      "Microsoft.Extensions.Configuration.Binder": {
        "type": "Transitive",
        "resolved": "10.0.8",
        "contentHash": "R3NN1X+kVu14uoxLEW6sBSQyhogDSbaOQzILnCtuXxBN4hx22AgjWPwZX6v/suERFkEDgU1lk12AglHTrUxhlw==",
        "dependencies": {
          "Microsoft.Extensions.Configuration": "10.0.8",
          "Microsoft.Extensions.Configuration.Abstractions": "10.0.8"
        }
      },
      "Microsoft.Extensions.DependencyInjection.Abstractions": {
        "type": "Transitive",
        "resolved": "10.0.8",
        "contentHash": "21nbDV60SRPWGIivsyl6lqBeEJNG1sginhhfWgRrr3Ais7aQ12To25OAHQxgoiJkjqy1aQ6RxpZBGYuTi7Ge6A=="
      },
      "Microsoft.Extensions.Logging.Configuration": {
        "type": "Transitive",
        "resolved": "10.0.8",
        "contentHash": "rxSLTO7xTbcC3DuEJHNEijBr8g14Jj62zQ+DeFu68bsoTYoU8jLcMhc1735PV21bESXsATlL5LsfaWH71FOWAg==",
        "dependencies": {
          "Microsoft.Extensions.Configuration": "10.0.8",
          "Microsoft.Extensions.Configuration.Abstractions": "10.0.8",
          "Microsoft.Extensions.Configuration.Binder": "10.0.8",
          "Microsoft.Extensions.DependencyInjection.Abstractions": "10.0.8",
          "Microsoft.Extensions.Logging": "10.0.8",
          "Microsoft.Extensions.Logging.Abstractions": "10.0.8",
          "Microsoft.Extensions.Options": "10.0.8",
          "Microsoft.Extensions.Options.ConfigurationExtensions": "10.0.8"
        }
      },
      "Microsoft.Extensions.Options": {
        "type": "Transitive",
        "resolved": "10.0.8",
        "contentHash": "VBD+131DpTNCNDfA4kIyKTiCySvJGNhwibdWBSdFRu7GMfXLXcXODkgA+KStKbbhzraLglZWUN4nXyHgW4JIRA==",
        "dependencies": {
          "Microsoft.Extensions.DependencyInjection.Abstractions": "10.0.8",
          "Microsoft.Extensions.Primitives": "10.0.8"
        }
      },
      "Microsoft.Extensions.Options.ConfigurationExtensions": {
        "type": "Transitive",
        "resolved": "10.0.8",
        "contentHash": "VOapXeO3lhBH0zYoyAH7tjapuo4V5pTHlevPpiSHueEquAajqd5nF0mttm+h/uE/exwAEuM5s26SzOJtletE3w==",
        "dependencies": {
          "Microsoft.Extensions.Configuration.Abstractions": "10.0.8",
          "Microsoft.Extensions.Configuration.Binder": "10.0.8",
          "Microsoft.Extensions.DependencyInjection.Abstractions": "10.0.8",
          "Microsoft.Extensions.Options": "10.0.8",
          "Microsoft.Extensions.Primitives": "10.0.8"
        }
      },
      "Microsoft.Extensions.Primitives": {
        "type": "Transitive",
        "resolved": "10.0.8",
        "contentHash": "OBPo4nYhMyIbtueoC10CBm6AGAbo/A9IV8QQ/6ryZS7VvmqpGT7hunazeHLxFawRzn3oLOq4jhqhpBX4tfswWQ=="
      },
      "Microsoft.VisualStudio.Threading.Only": {
        "type": "Transitive",
        "resolved": "17.14.15",
        "contentHash": "NqONyw1RXyj9P3k5e1uU2k9kc1ptwuU5NJQzG+MPq7vQVHUzBY8HLuJf/N2Rw5H/myD96CVxziDxmjawPuzntw==",
        "dependencies": {
          "Microsoft.VisualStudio.Validation": "17.8.8"
        }
      },
      "Microsoft.VisualStudio.Validation": {
        "type": "Transitive",
        "resolved": "17.13.22",
        "contentHash": "fC20ITOxlUpGQ0ltAxITQbeFxwuB6OjLT3lByC4+/Gm46o/Mwv9hlIVrBhiUhnqdQzUUvr4EHkdiYe7WOSMLmw=="
      },
      "Nerdbank.MessagePack": {
        "type": "Transitive",
        "resolved": "1.1.62",
        "contentHash": "mJN+8kTL/UOvKv6Vhf7I/G4XkdY2YSqA31EwFY61NA7qg0um+Oy5h0nj+XCQ2hXAjqYiBhpvUpOJDUxiJBZ45A==",
        "dependencies": {
          "Microsoft.NET.StringTools": "18.4.0",
          "Microsoft.VisualStudio.Validation": "17.13.22",
          "PolyType": "1.3.1"
        }
      },
      "Nerdbank.Streams": {
        "type": "Transitive",
        "resolved": "2.13.16",
        "contentHash": "GjifQ5M4IpQWjGNNbIrsj8M/M7ESb2328OeoGeqxk5rOJiuaAJ5zFc6CyqB+5UWKr1KEGK23hKoxA+z1gooAKA==",
        "dependencies": {
          "Microsoft.VisualStudio.Threading.Only": "17.13.61",
          "Microsoft.VisualStudio.Validation": "17.8.8"
        }
      },
      "Newtonsoft.Json": {
        "type": "Transitive",
        "resolved": "13.0.3",
        "contentHash": "HrC5BXdl00IP9zeV+0Z848QWPAoCr9P3bDEZguI+gkLcBKAOxix/tLEAAHC+UvDNPv4a2d18lOReHMOagPa+zQ=="
      },
      "PolyType": {
        "type": "Transitive",
        "resolved": "1.3.1",
        "contentHash": "GFdJvsN/VczpP0GfdPIi0jDudGH2Emk3rcIJHdqwU2SL2zQm1xSl6OTYvQSUxvzHu3ClWo096ICdWXVkpifQUA=="
      },
      "System.CodeDom": {
        "type": "Transitive",
        "resolved": "10.0.3",
        "contentHash": "+G1mBhHJp8taiDcHK1gmckOZ884n9JeIrS1dzFYZhSa8oTiIF+EagIyAyCOQzdBbbES7eb9AkjGBlUZqqoCaeg=="
      },
      "System.Diagnostics.EventLog": {
        "type": "Transitive",
        "resolved": "10.0.8",
        "contentHash": "+Ro7WgIom+BDNH+YhTuZKL6QJ0ctfOpTyfUG/h3aU5KwXt3OaNf0wYWrTvoBUj+34Dy5V8dN9yCco1hAJQ4txw=="
      },
      "System.Formats.Nrbf": {
        "type": "Transitive",
        "resolved": "10.0.3",
        "contentHash": "hkH2eT6PRkHjoUSFNpGrXvy7chssPcLGBVg9aKRlfvpQQEhECNiZA6bqguXP1tJgZfe3/qK7NNEpXFwiCDfSag=="
      },
      "System.Reflection.MetadataLoadContext": {
        "type": "Transitive",
        "resolved": "10.0.3",
        "contentHash": "rlWB/1Phq2mKv3Sbr33K41pyNpP7L7OGL8zEFrGoj32gLopbPmbCOxfcV2NCh5cCVXFVtdI4w3XK0W2b2jcrOA=="
      },
      "System.Resources.Extensions": {
        "type": "Transitive",
        "resolved": "10.0.3",
        "contentHash": "C6hp8noEwczVopIm9zI3+El6PjD+/DuKt469IrJF8s9lo4foz5jynr7JfkOXYS8tQy/DNKuK8TLAQ3/jFCPvmw==",
        "dependencies": {
          "System.Formats.Nrbf": "10.0.3"
        }
      },
      "System.Security.Cryptography.Pkcs": {
        "type": "Transitive",
        "resolved": "10.0.3",
        "contentHash": "Vwbm2siKxaGl515m/5C32J4VCG6VmytrH2ACV6hcWtfj4XQ1zN0cjuuDs49QoDi6/QS3pl2/wPyDYgODO9KxYA=="
      },
      "System.Security.Cryptography.ProtectedData": {
        "type": "Transitive",
        "resolved": "10.0.8",
        "contentHash": "/ldVgSfImIBp6fLWS7sLH0BnmtFj0ZwGlZo4Xx2q0K3ZhJNDbW45kj2f6zPoC+L+BTINuHdMzTsopuwmkbgcNA=="
      },
      "System.Security.Cryptography.Xml": {
        "type": "Transitive",
        "resolved": "10.0.3",
        "contentHash": "Egnmhk/Im38UtSidZtqg0IOB6xQEpn56WR0j+od4qHQ7BUfo6JvqLBQsUSCHMEZ0kc7TIVGSH7aiAOick25Sfg==",
        "dependencies": {
          "System.Security.Cryptography.Pkcs": "10.0.3"
        }
      },
      "bp": {
        "type": "Project",
        "dependencies": {
          "Microsoft.Extensions.DependencyInjection": "[10.0.8, )",
          "Microsoft.Extensions.Logging": "[10.0.8, )",
          "StreamJsonRpc": "[2.24.92, )"
        }
      },
      "bsp4csharp": {
        "type": "Project",
        "dependencies": {
          "bp": "[1.0.0, )"
        }
      },
      "Microsoft.Extensions.DependencyInjection": {
        "type": "CentralTransitive",
        "requested": "[10.0.8, )",
        "resolved": "10.0.8",
        "contentHash": "daf62xHIrq8pnE709hgaZZN9tSam9TGGepWe1+bE6V3GEuVwJiMs6ib+38lfMCyAJAHiX0vapxBhsuMSV7U+cg==",
        "dependencies": {
          "Microsoft.Extensions.DependencyInjection.Abstractions": "10.0.8"
        }
      },
      "StreamJsonRpc": {
        "type": "CentralTransitive",
        "requested": "[2.24.92, )",
        "resolved": "2.24.92",
        "contentHash": "aqW/UF9e/jER8OWi95lwOiOMDSS+zyYm7STYqy9nMh1esRxBlLLOvasXOUyHCFBfY3C2clwNLKqkdoPyiGdy8A==",
        "dependencies": {
          "MessagePack": "2.5.198",
          "Microsoft.VisualStudio.Threading.Only": "17.14.15",
          "Microsoft.VisualStudio.Validation": "17.13.22",
          "Nerdbank.MessagePack": "1.1.62",
          "Nerdbank.Streams": "2.13.16",
          "Newtonsoft.Json": "13.0.3"
        }
      }
    }
  }
}